
Microsoft Visual Studio Solution File, Format Version 12.00
# Visual Studio Version 17
VisualStudioVersion = 17.7.34018.315
MinimumVisualStudioVersion = 10.0.40219.1
Project("{9A19103F-16F7-4668-BE54-9A1E7A4F7556}") = "PrcoilWebAPI", "PrcoilWebAPI\PrcoilWebAPI.csproj", "{CBDCE270-F28E-467F-95EA-FACCAB3CB4EB}"
EndProject
Project("{9A19103F-16F7-4668-BE54-9A1E7A4F7556}") = "UpdateData", "更新数据\UpdateData.csproj", "{7FB42BE2-B411-403C-AFAA-FDAC5AB833BB}"
EndProject
Project("{9A19103F-16F7-4668-BE54-9A1E7A4F7556}") = "AzureFantasy_Web", "AzureFantasy_Web\AzureFantasy_Web.csproj", "{4BBD15AE-C881-46ED-8209-5C08BE85B2CE}"
EndProject
Global
	GlobalSection(SolutionConfigurationPlatforms) = preSolution
		Debug|Any CPU = Debug|Any CPU
		Release|Any CPU = Release|Any CPU
	EndGlobalSection
	GlobalSection(ProjectConfigurationPlatforms) = postSolution
		{CBDCE270-F28E-467F-95EA-FACCAB3CB4EB}.Debug|Any CPU.ActiveCfg = Debug|Any CPU
		{CBDCE270-F28E-467F-95EA-FACCAB3CB4EB}.Debug|Any CPU.Build.0 = Debug|Any CPU
		{CBDCE270-F28E-467F-95EA-FACCAB3CB4EB}.Release|Any CPU.ActiveCfg = Release|Any CPU
		{CBDCE270-F28E-467F-95EA-FACCAB3CB4EB}.Release|Any CPU.Build.0 = Release|Any CPU
		{7FB42BE2-B411-403C-AFAA-FDAC5AB833BB}.Debug|Any CPU.ActiveCfg = Debug|Any CPU
		{7FB42BE2-B411-403C-AFAA-FDAC5AB833BB}.Debug|Any CPU.Build.0 = Debug|Any CPU
		{7FB42BE2-B411-403C-AFAA-FDAC5AB833BB}.Release|Any CPU.ActiveCfg = Release|Any CPU
		{7FB42BE2-B411-403C-AFAA-FDAC5AB833BB}.Release|Any CPU.Build.0 = Release|Any CPU
		{4BBD15AE-C881-46ED-8209-5C08BE85B2CE}.Debug|Any CPU.ActiveCfg = Debug|Any CPU
		{4BBD15AE-C881-46ED-8209-5C08BE85B2CE}.Debug|Any CPU.Build.0 = Debug|Any CPU
		{4BBD15AE-C881-46ED-8209-5C08BE85B2CE}.Release|Any CPU.ActiveCfg = Release|Any CPU
		{4BBD15AE-C881-46ED-8209-5C08BE85B2CE}.Release|Any CPU.Build.0 = Release|Any CPU
	EndGlobalSection
	GlobalSection(SolutionProperties) = preSolution
		HideSolutionNode = FALSE
	EndGlobalSection
	GlobalSection(ExtensibilityGlobals) = postSolution
		SolutionGuid = {044BB8F2-0BED-49F0-9CD3-A876F049B14C}
	EndGlobalSection
EndGlobal
